// !$*UTF8*$!
{
	archiveVersion = 1;
	classes = {
	};
	objectVersion = 46;
	objects = {

/* Begin PBXBuildFile section */
		1DEF677B85EDBDC2256098B8 /* Pods_waselniTests.framework in Frameworks */ = {isa = PBXBuildFile; fileRef = DA7DD8CA6855F049F89907FF /* Pods_waselniTests.framework */; };
		2CA47C51A55EDF0735F61C1F /* Pods_waselni.framework in Frameworks */ = {isa = PBXBuildFile; fileRef = 336C21EADBD615A0D21D6D26 /* Pods_waselni.framework */; };
		8EE6312E27FE38FDFB6154F4 /* Pods_waselniUITests.framework in Frameworks */ = {isa = PBXBuildFile; fileRef = ACFF0C2993B8FC8A62AB29AC /* Pods_waselniUITests.framework */; };
		B59D60031F56FA7E003A536C /* AppDelegate.swift in Sources */ = {isa = PBXBuildFile; fileRef = B59D60021F56FA7E003A536C /* AppDelegate.swift */; };
		B59D60051F56FA7E003A536C /* LoginViewController.swift in Sources */ = {isa = PBXBuildFile; fileRef = B59D60041F56FA7E003A536C /* LoginViewController.swift */; };
		B59D60081F56FA7E003A536C /* Main.storyboard in Resources */ = {isa = PBXBuildFile; fileRef = B59D60061F56FA7E003A536C /* Main.storyboard */; };
		B59D600A1F56FA7E003A536C /* Assets.xcassets in Resources */ = {isa = PBXBuildFile; fileRef = B59D60091F56FA7E003A536C /* Assets.xcassets */; };
		B59D600D1F56FA7E003A536C /* LaunchScreen.storyboard in Resources */ = {isa = PBXBuildFile; fileRef = B59D600B1F56FA7E003A536C /* LaunchScreen.storyboard */; };
		B59D60181F56FA7E003A536C /* waselniTests.swift in Sources */ = {isa = PBXBuildFile; fileRef = B59D60171F56FA7E003A536C /* waselniTests.swift */; };
		B59D60231F56FA7E003A536C /* waselniUITests.swift in Sources */ = {isa = PBXBuildFile; fileRef = B59D60221F56FA7E003A536C /* waselniUITests.swift */; };
		B5D7110F1F57051200544ACA /* AuthService.swift in Sources */ = {isa = PBXBuildFile; fileRef = B5D7110E1F57051200544ACA /* AuthService.swift */; };
		B5D711111F5706A400544ACA /* DataService.swift in Sources */ = {isa = PBXBuildFile; fileRef = B5D711101F5706A400544ACA /* DataService.swift */; };
		B5D711131F57078D00544ACA /* GoogleService-Info.plist in Resources */ = {isa = PBXBuildFile; fileRef = B5D711121F57078D00544ACA /* GoogleService-Info.plist */; };
		B5D711151F570B0A00544ACA /* FancyTextfield.swift in Sources */ = {isa = PBXBuildFile; fileRef = B5D711141F570B0A00544ACA /* FancyTextfield.swift */; };
		B5DF91451F5725B000B8783A /* SignUpViewController.swift in Sources */ = {isa = PBXBuildFile; fileRef = B5DF91441F5725B000B8783A /* SignUpViewController.swift */; };
		B5DF91471F57488300B8783A /* FancyImageView.swift in Sources */ = {isa = PBXBuildFile; fileRef = B5DF91461F57488300B8783A /* FancyImageView.swift */; };
		B5DF91491F575B7D00B8783A /* MapViewController.swift in Sources */ = {isa = PBXBuildFile; fileRef = B5DF91481F575B7D00B8783A /* MapViewController.swift */; };
/* End PBXBuildFile section */

/* Begin PBXContainerItemProxy section */
		B59D60141F56FA7E003A536C /* PBXContainerItemProxy */ = {
			isa = PBXContainerItemProxy;
			containerPortal = B59D5FF71F56FA7E003A536C /* Project object */;
			proxyType = 1;
			remoteGlobalIDString = B59D5FFE1F56FA7E003A536C;
			remoteInfo = waselni;
		};
		B59D601F1F56FA7E003A536C /* PBXContainerItemProxy */ = {
			isa = PBXContainerItemProxy;
			containerPortal = B59D5FF71F56FA7E003A536C /* Project object */;
			proxyType = 1;
			remoteGlobalIDString = B59D5FFE1F56FA7E003A536C;
			remoteInfo = waselni;
		};
/* End PBXContainerItemProxy section */

/* Begin PBXFileReference section */
		10BC699AF93C474F4F78C9F3 /* Pods-waselniUITests.debug.xcconfig */ = {isa = PBXFileReference; includeInIndex = 1; lastKnownFileType = text.xcconfig; name = "Pods-waselniUITests.debug.xcconfig"; path = "Pods/Target Support Files/Pods-waselniUITests/Pods-waselniUITests.debug.xcconfig"; sourceTree = "<group>"; };
		336C21EADBD615A0D21D6D26 /* Pods_waselni.framework */ = {isa = PBXFileReference; explicitFileType = wrapper.framework; includeInIndex = 0; path = Pods_waselni.framework; sourceTree = BUILT_PRODUCTS_DIR; };
		414942D1F1E94E8BDC8CA3CF /* Pods-waselniUITests.release.xcconfig */ = {isa = PBXFileReference; includeInIndex = 1; lastKnownFileType = text.xcconfig; name = "Pods-waselniUITests.release.xcconfig"; path = "Pods/Target Support Files/Pods-waselniUITests/Pods-waselniUITests.release.xcconfig"; sourceTree = "<group>"; };
		65460B2D06A95CFE629DE283 /* Pods-waselni.release.xcconfig */ = {isa = PBXFileReference; includeInIndex = 1; lastKnownFileType = text.xcconfig; name = "Pods-waselni.release.xcconfig"; path = "Pods/Target Support Files/Pods-waselni/Pods-waselni.release.xcconfig"; sourceTree = "<group>"; };
		68E3F0B2EE79F39DD6A41042 /* Pods-waselni.debug.xcconfig */ = {isa = PBXFileReference; includeInIndex = 1; lastKnownFileType = text.xcconfig; name = "Pods-waselni.debug.xcconfig"; path = "Pods/Target Support Files/Pods-waselni/Pods-waselni.debug.xcconfig"; sourceTree = "<group>"; };
		8008F07245467242F1E47E00 /* Pods-waselniTests.release.xcconfig */ = {isa = PBXFileReference; includeInIndex = 1; lastKnownFileType = text.xcconfig; name = "Pods-waselniTests.release.xcconfig"; path = "Pods/Target Support Files/Pods-waselniTests/Pods-waselniTests.release.xcconfig"; sourceTree = "<group>"; };
		ACFF0C2993B8FC8A62AB29AC /* Pods_waselniUITests.framework */ = {isa = PBXFileReference; explicitFileType = wrapper.framework; includeInIndex = 0; path = Pods_waselniUITests.framework; sourceTree = BUILT_PRODUCTS_DIR; };
		B59D5FFF1F56FA7E003A536C /* waselni.app */ = {isa = PBXFileReference; explicitFileType = wrapper.application; includeInIndex = 0; path = waselni.app; sourceTree = BUILT_PRODUCTS_DIR; };
		B59D60021F56FA7E003A536C /* AppDelegate.swift */ = {isa = PBXFileReference; lastKnownFileType = sourcecode.swift; path = AppDelegate.swift; sourceTree = "<group>"; };
		B59D60041F56FA7E003A536C /* LoginViewController.swift */ = {isa = PBXFileReference; lastKnownFileType = sourcecode.swift; path = LoginViewController.swift; sourceTree = "<group>"; };
		B59D60071F56FA7E003A536C /* Base */ = {isa = PBXFileReference; lastKnownFileType = file.storyboard; name = Base; path = Base.lproj/Main.storyboard; sourceTree = "<group>"; };
		B59D60091F56FA7E003A536C /* Assets.xcassets */ = {isa = PBXFileReference; lastKnownFileType = folder.assetcatalog; path = Assets.xcassets; sourceTree = "<group>"; };
		B59D600C1F56FA7E003A536C /* Base */ = {isa = PBXFileReference; lastKnownFileType = file.storyboard; name = Base; path = Base.lproj/LaunchScreen.storyboard; sourceTree = "<group>"; };
		B59D600E1F56FA7E003A536C /* Info.plist */ = {isa = PBXFileReference; lastKnownFileType = text.plist.xml; path = Info.plist; sourceTree = "<group>"; };
		B59D60131F56FA7E003A536C /* waselniTests.xctest */ = {isa = PBXFileReference; explicitFileType = wrapper.cfbundle; includeInIndex = 0; path = waselniTests.xctest; sourceTree = BUILT_PRODUCTS_DIR; };
		B59D60171F56FA7E003A536C /* waselniTests.swift */ = {isa = PBXFileReference; lastKnownFileType = sourcecode.swift; path = waselniTests.swift; sourceTree = "<group>"; };
		B59D60191F56FA7E003A536C /* Info.plist */ = {isa = PBXFileReference; lastKnownFileType = text.plist.xml; path = Info.plist; sourceTree = "<group>"; };
		B59D601E1F56FA7E003A536C /* waselniUITests.xctest */ = {isa = PBXFileReference; explicitFileType = wrapper.cfbundle; includeInIndex = 0; path = waselniUITests.xctest; sourceTree = BUILT_PRODUCTS_DIR; };
		B59D60221F56FA7E003A536C /* waselniUITests.swift */ = {isa = PBXFileReference; lastKnownFileType = sourcecode.swift; path = waselniUITests.swift; sourceTree = "<group>"; };
		B59D60241F56FA7E003A536C /* Info.plist */ = {isa = PBXFileReference; lastKnownFileType = text.plist.xml; path = Info.plist; sourceTree = "<group>"; };
		B5D7110E1F57051200544ACA /* AuthService.swift */ = {isa = PBXFileReference; fileEncoding = 4; lastKnownFileType = sourcecode.swift; path = AuthService.swift; sourceTree = "<group>"; };
		B5D711101F5706A400544ACA /* DataService.swift */ = {isa = PBXFileReference; fileEncoding = 4; lastKnownFileType = sourcecode.swift; path = DataService.swift; sourceTree = "<group>"; };
		B5D711121F57078D00544ACA /* GoogleService-Info.plist */ = {isa = PBXFileReference; fileEncoding = 4; lastKnownFileType = text.plist.xml; path = "GoogleService-Info.plist"; sourceTree = "<group>"; };
		B5D711141F570B0A00544ACA /* FancyTextfield.swift */ = {isa = PBXFileReference; fileEncoding = 4; lastKnownFileType = sourcecode.swift; path = FancyTextfield.swift; sourceTree = "<group>"; };
		B5DF91441F5725B000B8783A /* SignUpViewController.swift */ = {isa = PBXFileReference; fileEncoding = 4; lastKnownFileType = sourcecode.swift; path = SignUpViewController.swift; sourceTree = "<group>"; };
		B5DF91461F57488300B8783A /* FancyImageView.swift */ = {isa = PBXFileReference; fileEncoding = 4; lastKnownFileType = sourcecode.swift; path = FancyImageView.swift; sourceTree = "<group>"; };
		B5DF91481F575B7D00B8783A /* MapViewController.swift */ = {isa = PBXFileReference; fileEncoding = 4; lastKnownFileType = sourcecode.swift; path = MapViewController.swift; sourceTree = "<group>"; };
		C470A12B61BF3BFC3B45FDE3 /* Pods-waselniTests.debug.xcconfig */ = {isa = PBXFileReference; includeInIndex = 1; lastKnownFileType = text.xcconfig; name = "Pods-waselniTests.debug.xcconfig"; path = "Pods/Target Support Files/Pods-waselniTests/Pods-waselniTests.debug.xcconfig"; sourceTree = "<group>"; };
		DA7DD8CA6855F049F89907FF /* Pods_waselniTests.framework */ = {isa = PBXFileReference; explicitFileType = wrapper.framework; includeInIndex = 0; path = Pods_waselniTests.framework; sourceTree = BUILT_PRODUCTS_DIR; };
/* End PBXFileReference section */

/* Begin PBXFrameworksBuildPhase section */
		B59D5FFC1F56FA7E003A536C /* Frameworks */ = {
			isa = PBXFrameworksBuildPhase;
			buildActionMask = 2147483647;
			files = (
				2CA47C51A55EDF0735F61C1F /* Pods_waselni.framework in Frameworks */,
			);
			runOnlyForDeploymentPostprocessing = 0;
		};
		B59D60101F56FA7E003A536C /* Frameworks */ = {
			isa = PBXFrameworksBuildPhase;
			buildActionMask = 2147483647;
			files = (
				1DEF677B85EDBDC2256098B8 /* Pods_waselniTests.framework in Frameworks */,
			);
			runOnlyForDeploymentPostprocessing = 0;
		};
		B59D601B1F56FA7E003A536C /* Frameworks */ = {
			isa = PBXFrameworksBuildPhase;
			buildActionMask = 2147483647;
			files = (
				8EE6312E27FE38FDFB6154F4 /* Pods_waselniUITests.framework in Frameworks */,
			);
			runOnlyForDeploymentPostprocessing = 0;
		};
/* End PBXFrameworksBuildPhase section */

/* Begin PBXGroup section */
		76D85129932439EF29470EC9 /* Pods */ = {
			isa = PBXGroup;
			children = (
				68E3F0B2EE79F39DD6A41042 /* Pods-waselni.debug.xcconfig */,
				65460B2D06A95CFE629DE283 /* Pods-waselni.release.xcconfig */,
				C470A12B61BF3BFC3B45FDE3 /* Pods-waselniTests.debug.xcconfig */,
				8008F07245467242F1E47E00 /* Pods-waselniTests.release.xcconfig */,
				10BC699AF93C474F4F78C9F3 /* Pods-waselniUITests.debug.xcconfig */,
				414942D1F1E94E8BDC8CA3CF /* Pods-waselniUITests.release.xcconfig */,
			);
			name = Pods;
			sourceTree = "<group>";
		};
		B59D5FF61F56FA7E003A536C = {
			isa = PBXGroup;
			children = (
				B59D60011F56FA7E003A536C /* waselni */,
				B59D60161F56FA7E003A536C /* waselniTests */,
				B59D60211F56FA7E003A536C /* waselniUITests */,
				B59D60001F56FA7E003A536C /* Products */,
				76D85129932439EF29470EC9 /* Pods */,
				CBA0F181920C1C880CD7E41F /* Frameworks */,
			);
			sourceTree = "<group>";
		};
		B59D60001F56FA7E003A536C /* Products */ = {
			isa = PBXGroup;
			children = (
				B59D5FFF1F56FA7E003A536C /* waselni.app */,
				B59D60131F56FA7E003A536C /* waselniTests.xctest */,
				B59D601E1F56FA7E003A536C /* waselniUITests.xctest */,
			);
			name = Products;
			sourceTree = "<group>";
		};
		B59D60011F56FA7E003A536C /* waselni */ = {
			isa = PBXGroup;
			children = (
				B59D60021F56FA7E003A536C /* AppDelegate.swift */,
				B5D711091F57045D00544ACA /* Model */,
				B5D7110A1F57046B00544ACA /* View */,
				B5D7110B1F57047200544ACA /* Controller */,
				B59D60061F56FA7E003A536C /* Main.storyboard */,
				B59D600B1F56FA7E003A536C /* LaunchScreen.storyboard */,
				B5D7110C1F57048100544ACA /* Services */,
				B5D7110D1F57048900544ACA /* Resources */,
			);
			path = waselni;
			sourceTree = "<group>";
		};
		B59D60161F56FA7E003A536C /* waselniTests */ = {
			isa = PBXGroup;
			children = (
				B59D60171F56FA7E003A536C /* waselniTests.swift */,
				B59D60191F56FA7E003A536C /* Info.plist */,
			);
			path = waselniTests;
			sourceTree = "<group>";
		};
		B59D60211F56FA7E003A536C /* waselniUITests */ = {
			isa = PBXGroup;
			children = (
				B59D60221F56FA7E003A536C /* waselniUITests.swift */,
				B59D60241F56FA7E003A536C /* Info.plist */,
			);
			path = waselniUITests;
			sourceTree = "<group>";
		};
		B5D711091F57045D00544ACA /* Model */ = {
			isa = PBXGroup;
			children = (
			);
			name = Model;
			sourceTree = "<group>";
		};
		B5D7110A1F57046B00544ACA /* View */ = {
			isa = PBXGroup;
			children = (
				B5D711141F570B0A00544ACA /* FancyTextfield.swift */,
				B5DF91461F57488300B8783A /* FancyImageView.swift */,
			);
			name = View;
			sourceTree = "<group>";
		};
		B5D7110B1F57047200544ACA /* Controller */ = {
			isa = PBXGroup;
			children = (
				B59D60041F56FA7E003A536C /* LoginViewController.swift */,
				B5DF91441F5725B000B8783A /* SignUpViewController.swift */,
				B5DF91481F575B7D00B8783A /* MapViewController.swift */,
			);
			name = Controller;
			sourceTree = "<group>";
		};
		B5D7110C1F57048100544ACA /* Services */ = {
			isa = PBXGroup;
			children = (
				B5D7110E1F57051200544ACA /* AuthService.swift */,
				B5D711101F5706A400544ACA /* DataService.swift */,
			);
			name = Services;
			sourceTree = "<group>";
		};
		B5D7110D1F57048900544ACA /* Resources */ = {
			isa = PBXGroup;
			children = (
				B5D711121F57078D00544ACA /* GoogleService-Info.plist */,
				B59D60091F56FA7E003A536C /* Assets.xcassets */,
				B59D600E1F56FA7E003A536C /* Info.plist */,
			);
			name = Resources;
			sourceTree = "<group>";
		};
		CBA0F181920C1C880CD7E41F /* Frameworks */ = {
			isa = PBXGroup;
			children = (
				336C21EADBD615A0D21D6D26 /* Pods_waselni.framework */,
				DA7DD8CA6855F049F89907FF /* Pods_waselniTests.framework */,
				ACFF0C2993B8FC8A62AB29AC /* Pods_waselniUITests.framework */,
			);
			name = Frameworks;
			sourceTree = "<group>";
		};
/* End PBXGroup section */

/* Begin PBXNativeTarget section */
		B59D5FFE1F56FA7E003A536C /* waselni */ = {
			isa = PBXNativeTarget;
			buildConfigurationList = B59D60271F56FA7E003A536C /* Build configuration list for PBXNativeTarget "waselni" */;
			buildPhases = (
				A5E167CC9EB7C5FCA755B51C /* [CP] Check Pods Manifest.lock */,
				B59D5FFB1F56FA7E003A536C /* Sources */,
				B59D5FFC1F56FA7E003A536C /* Frameworks */,
				B59D5FFD1F56FA7E003A536C /* Resources */,
				0F107FDB32DCCBA9A9284BCD /* [CP] Embed Pods Frameworks */,
				04B2D08CE794668DB93B12C9 /* [CP] Copy Pods Resources */,
			);
			buildRules = (
			);
			dependencies = (
			);
			name = waselni;
			productName = waselni;
			productReference = B59D5FFF1F56FA7E003A536C /* waselni.app */;
			productType = "com.apple.product-type.application";
		};
		B59D60121F56FA7E003A536C /* waselniTests */ = {
			isa = PBXNativeTarget;
			buildConfigurationList = B59D602A1F56FA7E003A536C /* Build configuration list for PBXNativeTarget "waselniTests" */;
			buildPhases = (
				4E5979D59EDA69FA687A0780 /* [CP] Check Pods Manifest.lock */,
				B59D600F1F56FA7E003A536C /* Sources */,
				B59D60101F56FA7E003A536C /* Frameworks */,
				B59D60111F56FA7E003A536C /* Resources */,
				88893013F28DACE093617CB8 /* [CP] Embed Pods Frameworks */,
				90D4DB917217C23C2AC7CA20 /* [CP] Copy Pods Resources */,
			);
			buildRules = (
			);
			dependencies = (
				B59D60151F56FA7E003A536C /* PBXTargetDependency */,
			);
			name = waselniTests;
			productName = waselniTests;
			productReference = B59D60131F56FA7E003A536C /* waselniTests.xctest */;
			productType = "com.apple.product-type.bundle.unit-test";
		};
		B59D601D1F56FA7E003A536C /* waselniUITests */ = {
			isa = PBXNativeTarget;
			buildConfigurationList = B59D602D1F56FA7E003A536C /* Build configuration list for PBXNativeTarget "waselniUITests" */;
			buildPhases = (
				006C15993023CB28A77187C1 /* [CP] Check Pods Manifest.lock */,
				B59D601A1F56FA7E003A536C /* Sources */,
				B59D601B1F56FA7E003A536C /* Frameworks */,
				B59D601C1F56FA7E003A536C /* Resources */,
				EA3CE07588B384A8BC943D98 /* [CP] Embed Pods Frameworks */,
				AACF8F3ADC5BDAF54FB8CB03 /* [CP] Copy Pods Resources */,
			);
			buildRules = (
			);
			dependencies = (
				B59D60201F56FA7E003A536C /* PBXTargetDependency */,
			);
			name = waselniUITests;
			productName = waselniUITests;
			productReference = B59D601E1F56FA7E003A536C /* waselniUITests.xctest */;
			productType = "com.apple.product-type.bundle.ui-testing";
		};
/* End PBXNativeTarget section */

/* Begin PBXProject section */
		B59D5FF71F56FA7E003A536C /* Project object */ = {
			isa = PBXProject;
			attributes = {
				LastSwiftUpdateCheck = 0830;
				LastUpgradeCheck = 0830;
				ORGANIZATIONNAME = Moussa;
				TargetAttributes = {
					B59D5FFE1F56FA7E003A536C = {
						CreatedOnToolsVersion = 8.3.3;
						DevelopmentTeam = Z843JNTLAS;
						ProvisioningStyle = Automatic;
					};
					B59D60121F56FA7E003A536C = {
						CreatedOnToolsVersion = 8.3.3;
						DevelopmentTeam = W8V2UQ67VN;
						ProvisioningStyle = Automatic;
						TestTargetID = B59D5FFE1F56FA7E003A536C;
					};
					B59D601D1F56FA7E003A536C = {
						CreatedOnToolsVersion = 8.3.3;
						DevelopmentTeam = W8V2UQ67VN;
						ProvisioningStyle = Automatic;
						TestTargetID = B59D5FFE1F56FA7E003A536C;
					};
				};
			};
			buildConfigurationList = B59D5FFA1F56FA7E003A536C /* Build configuration list for PBXProject "waselni" */;
			compatibilityVersion = "Xcode 3.2";
			developmentRegion = English;
			hasScannedForEncodings = 0;
			knownRegions = (
				en,
				Base,
			);
			mainGroup = B59D5FF61F56FA7E003A536C;
			productRefGroup = B59D60001F56FA7E003A536C /* Products */;
			projectDirPath = "";
			projectRoot = "";
			targets = (
				B59D5FFE1F56FA7E003A536C /* waselni */,
				B59D60121F56FA7E003A536C /* waselniTests */,
				B59D601D1F56FA7E003A536C /* waselniUITests */,
			);
		};
/* End PBXProject section */

/* Begin PBXResourcesBuildPhase section */
		B59D5FFD1F56FA7E003A536C /* Resources */ = {
			isa = PBXResourcesBuildPhase;
			buildActionMask = 2147483647;
			files = (
				B59D600D1F56FA7E003A536C /* LaunchScreen.storyboard in Resources */,
				B59D600A1F56FA7E003A536C /* Assets.xcassets in Resources */,
				B59D60081F56FA7E003A536C /* Main.storyboard in Resources */,
				B5D711131F57078D00544ACA /* GoogleService-Info.plist in Resources */,
			);
			runOnlyForDeploymentPostprocessing = 0;
		};
		B59D60111F56FA7E003A536C /* Resources */ = {
			isa = PBXResourcesBuildPhase;
			buildActionMask = 2147483647;
			files = (
			);
			runOnlyForDeploymentPostprocessing = 0;
		};
		B59D601C1F56FA7E003A536C /* Resources */ = {
			isa = PBXResourcesBuildPhase;
			buildActionMask = 2147483647;
			files = (
			);
			runOnlyForDeploymentPostprocessing = 0;
		};
/* End PBXResourcesBuildPhase section */

/* Begin PBXShellScriptBuildPhase section */
		006C15993023CB28A77187C1 /* [CP] Check Pods Manifest.lock */ = {
			isa = PBXShellScriptBuildPhase;
			buildActionMask = 2147483647;
			files = (
			);
			inputPaths = (
				"${PODS_PODFILE_DIR_PATH}/Podfile.lock",
				"${PODS_ROOT}/Manifest.lock",
			);
			name = "[CP] Check Pods Manifest.lock";
			outputPaths = (
				"$(DERIVED_FILE_DIR)/Pods-waselniUITests-checkManifestLockResult.txt",
			);
			runOnlyForDeploymentPostprocessing = 0;
			shellPath = /bin/sh;
			shellScript = "diff \"${PODS_PODFILE_DIR_PATH}/Podfile.lock\" \"${PODS_ROOT}/Manifest.lock\" > /dev/null\nif [ $? != 0 ] ; then\n    # print error to STDERR\n    echo \"error: The sandbox is not in sync with the Podfile.lock. Run 'pod install' or update your CocoaPods installation.\" >&2\n    exit 1\nfi\n# This output is used by Xcode 'outputs' to avoid re-running this script phase.\necho \"SUCCESS\" > \"${SCRIPT_OUTPUT_FILE_0}\"\n";
			showEnvVarsInLog = 0;
		};
		04B2D08CE794668DB93B12C9 /* [CP] Copy Pods Resources */ = {
			isa = PBXShellScriptBuildPhase;
			buildActionMask = 2147483647;
			files = (
			);
			inputPaths = (
			);
			name = "[CP] Copy Pods Resources";
			outputPaths = (
			);
			runOnlyForDeploymentPostprocessing = 0;
			shellPath = /bin/sh;
			shellScript = "\"${SRCROOT}/Pods/Target Support Files/Pods-waselni/Pods-waselni-resources.sh\"\n";
			showEnvVarsInLog = 0;
		};
		0F107FDB32DCCBA9A9284BCD /* [CP] Embed Pods Frameworks */ = {
			isa = PBXShellScriptBuildPhase;
			buildActionMask = 2147483647;
			files = (
			);
			inputPaths = (
				"${SRCROOT}/Pods/Target Support Files/Pods-waselni/Pods-waselni-frameworks.sh",
				"${BUILT_PRODUCTS_DIR}/GTMSessionFetcher/GTMSessionFetcher.framework",
				"${BUILT_PRODUCTS_DIR}/GoogleToolboxForMac/GoogleToolboxForMac.framework",
				"${BUILT_PRODUCTS_DIR}/IHKeyboardAvoiding/IHKeyboardAvoiding.framework",
				"${BUILT_PRODUCTS_DIR}/leveldb-library/leveldb.framework",
				"${BUILT_PRODUCTS_DIR}/nanopb/nanopb.framework",
			);
			name = "[CP] Embed Pods Frameworks";
			outputPaths = (
				"${TARGET_BUILD_DIR}/${FRAMEWORKS_FOLDER_PATH}/GTMSessionFetcher.framework",
				"${TARGET_BUILD_DIR}/${FRAMEWORKS_FOLDER_PATH}/GoogleToolboxForMac.framework",
				"${TARGET_BUILD_DIR}/${FRAMEWORKS_FOLDER_PATH}/IHKeyboardAvoiding.framework",
				"${TARGET_BUILD_DIR}/${FRAMEWORKS_FOLDER_PATH}/leveldb.framework",
				"${TARGET_BUILD_DIR}/${FRAMEWORKS_FOLDER_PATH}/nanopb.framework",
			);
			runOnlyForDeploymentPostprocessing = 0;
			shellPath = /bin/sh;
			shellScript = "\"${SRCROOT}/Pods/Target Support Files/Pods-waselni/Pods-waselni-frameworks.sh\"\n";
			showEnvVarsInLog = 0;
		};
		4E5979D59EDA69FA687A0780 /* [CP] Check Pods Manifest.lock */ = {
			isa = PBXShellScriptBuildPhase;
			buildActionMask = 2147483647;
			files = (
			);
			inputPaths = (
				"${PODS_PODFILE_DIR_PATH}/Podfile.lock",
				"${PODS_ROOT}/Manifest.lock",
			);
			name = "[CP] Check Pods Manifest.lock";
			outputPaths = (
				"$(DERIVED_FILE_DIR)/Pods-waselniTests-checkManifestLockResult.txt",
			);
			runOnlyForDeploymentPostprocessing = 0;
			shellPath = /bin/sh;
			shellScript = "diff \"${PODS_PODFILE_DIR_PATH}/Podfile.lock\" \"${PODS_ROOT}/Manifest.lock\" > /dev/null\nif [ $? != 0 ] ; then\n    # print error to STDERR\n    echo \"error: The sandbox is not in sync with the Podfile.lock. Run 'pod install' or update your CocoaPods installation.\" >&2\n    exit 1\nfi\n# This output is used by Xcode 'outputs' to avoid re-running this script phase.\necho \"SUCCESS\" > \"${SCRIPT_OUTPUT_FILE_0}\"\n";
			showEnvVarsInLog = 0;
		};
		88893013F28DACE093617CB8 /* [CP] Embed Pods Frameworks */ = {
			isa = PBXShellScriptBuildPhase;
			buildActionMask = 2147483647;
			files = (
			);
			inputPaths = (
			);
			name = "[CP] Embed Pods Frameworks";
			outputPaths = (
			);
			runOnlyForDeploymentPostprocessing = 0;
			shellPath = /bin/sh;
			shellScript = "\"${SRCROOT}/Pods/Target Support Files/Pods-waselniTests/Pods-waselniTests-frameworks.sh\"\n";
			showEnvVarsInLog = 0;
		};
		90D4DB917217C23C2AC7CA20 /* [CP] Copy Pods Resources */ = {
			isa = PBXShellScriptBuildPhase;
			buildActionMask = 2147483647;
			files = (
			);
			inputPaths = (
			);
			name = "[CP] Copy Pods Resources";
			outputPaths = (
			);
			runOnlyForDeploymentPostprocessing = 0;
			shellPath = /bin/sh;
			shellScript = "\"${SRCROOT}/Pods/Target Support Files/Pods-waselniTests/Pods-waselniTests-resources.sh\"\n";
			showEnvVarsInLog = 0;
		};
		A5E167CC9EB7C5FCA755B51C /* [CP] Check Pods Manifest.lock */ = {
			isa = PBXShellScriptBuildPhase;
			buildActionMask = 2147483647;
			files = (
			);
			inputPaths = (
				"${PODS_PODFILE_DIR_PATH}/Podfile.lock",
				"${PODS_ROOT}/Manifest.lock",
			);
			name = "[CP] Check Pods Manifest.lock";
			outputPaths = (
				"$(DERIVED_FILE_DIR)/Pods-waselni-checkManifestLockResult.txt",
			);
			runOnlyForDeploymentPostprocessing = 0;
			shellPath = /bin/sh;
			shellScript = "diff \"${PODS_PODFILE_DIR_PATH}/Podfile.lock\" \"${PODS_ROOT}/Manifest.lock\" > /dev/null\nif [ $? != 0 ] ; then\n    # print error to STDERR\n    echo \"error: The sandbox is not in sync with the Podfile.lock. Run 'pod install' or update your CocoaPods installation.\" >&2\n    exit 1\nfi\n# This output is used by Xcode 'outputs' to avoid re-running this script phase.\necho \"SUCCESS\" > \"${SCRIPT_OUTPUT_FILE_0}\"\n";
			showEnvVarsInLog = 0;
		};
		AACF8F3ADC5BDAF54FB8CB03 /* [CP] Copy Pods Resources */ = {
			isa = PBXShellScriptBuildPhase;
			buildActionMask = 2147483647;
			files = (
			);
			inputPaths = (
			);
			name = "[CP] Copy Pods Resources";
			outputPaths = (
			);
			runOnlyForDeploymentPostprocessing = 0;
			shellPath = /bin/sh;
			shellScript = "\"${SRCROOT}/Pods/Target Support Files/Pods-waselniUITests/Pods-waselniUITests-resources.sh\"\n";
			showEnvVarsInLog = 0;
		};
		EA3CE07588B384A8BC943D98 /* [CP] Embed Pods Frameworks */ = {
			isa = PBXShellScriptBuildPhase;
			buildActionMask = 2147483647;
			files = (
			);
			inputPaths = (
			);
			name = "[CP] Embed Pods Frameworks";
			outputPaths = (
			);
			runOnlyForDeploymentPostprocessing = 0;
			shellPath = /bin/sh;
			shellScript = "\"${SRCROOT}/Pods/Target Support Files/Pods-waselniUITests/Pods-waselniUITests-frameworks.sh\"\n";
			showEnvVarsInLog = 0;
		};
/* End PBXShellScriptBuildPhase section */

/* Begin PBXSourcesBuildPhase section */
		B59D5FFB1F56FA7E003A536C /* Sources */ = {
			isa = PBXSourcesBuildPhase;
			buildActionMask = 2147483647;
			files = (
				B5DF91471F57488300B8783A /* FancyImageView.swift in Sources */,
				B5DF91451F5725B000B8783A /* SignUpViewController.swift in Sources */,
				B5D7110F1F57051200544ACA /* AuthService.swift in Sources */,
				B5D711151F570B0A00544ACA /* FancyTextfield.swift in Sources */,
				B59D60051F56FA7E003A536C /* LoginViewController.swift in Sources */,
				B59D60031F56FA7E003A536C /* AppDelegate.swift in Sources */,
				B5D711111F5706A400544ACA /* DataService.swift in Sources */,
				B5DF91491F575B7D00B8783A /* MapViewController.swift in Sources */,
			);
			runOnlyForDeploymentPostprocessing = 0;
		};
		B59D600F1F56FA7E003A536C /* Sources */ = {
			isa = PBXSourcesBuildPhase;
			buildActionMask = 2147483647;
			files = (
				B59D60181F56FA7E003A536C /* waselniTests.swift in Sources */,
			);
			runOnlyForDeploymentPostprocessing = 0;
		};
		B59D601A1F56FA7E003A536C /* Sources */ = {
			isa = PBXSourcesBuildPhase;
			buildActionMask = 2147483647;
			files = (
				B59D60231F56FA7E003A536C /* waselniUITests.swift in Sources */,
			);
			runOnlyForDeploymentPostprocessing = 0;
		};
/* End PBXSourcesBuildPhase section */

/* Begin PBXTargetDependency section */
		B59D60151F56FA7E003A536C /* PBXTargetDependency */ = {
			isa = PBXTargetDependency;
			target = B59D5FFE1F56FA7E003A536C /* waselni */;
			targetProxy = B59D60141F56FA7E003A536C /* PBXContainerItemProxy */;
		};
		B59D60201F56FA7E003A536C /* PBXTargetDependency */ = {
			isa = PBXTargetDependency;
			target = B59D5FFE1F56FA7E003A536C /* waselni */;
			targetProxy = B59D601F1F56FA7E003A536C /* PBXContainerItemProxy */;
		};
/* End PBXTargetDependency section */

/* Begin PBXVariantGroup section */
		B59D60061F56FA7E003A536C /* Main.storyboard */ = {
			isa = PBXVariantGroup;
			children = (
				B59D60071F56FA7E003A536C /* Base */,
			);
			name = Main.storyboard;
			sourceTree = "<group>";
		};
		B59D600B1F56FA7E003A536C /* LaunchScreen.storyboard */ = {
			isa = PBXVariantGroup;
			children = (
				B59D600C1F56FA7E003A536C /* Base */,
			);
			name = LaunchScreen.storyboard;
			sourceTree = "<group>";
		};
/* End PBXVariantGroup section */

/* Begin XCBuildConfiguration section */
		B59D60251F56FA7E003A536C /* Debug */ = {
			isa = XCBuildConfiguration;
			buildSettings = {
				ALWAYS_SEARCH_USER_PATHS = NO;
				CLANG_ANALYZER_NONNULL = YES;
				CLANG_ANALYZER_NUMBER_OBJECT_CONVERSION = YES_AGGRESSIVE;
				CLANG_CXX_LANGUAGE_STANDARD = "gnu++0x";
				CLANG_CXX_LIBRARY = "libc++";
				CLANG_ENABLE_MODULES = YES;
				CLANG_ENABLE_OBJC_ARC = YES;
				CLANG_WARN_BOOL_CONVERSION = YES;
				CLANG_WARN_CONSTANT_CONVERSION = YES;
				CLANG_WARN_DIRECT_OBJC_ISA_USAGE = YES_ERROR;
				CLANG_WARN_DOCUMENTATION_COMMENTS = YES;
				CLANG_WARN_EMPTY_BODY = YES;
				CLANG_WARN_ENUM_CONVERSION = YES;
				CLANG_WARN_INFINITE_RECURSION = YES;
				CLANG_WARN_INT_CONVERSION = YES;
				CLANG_WARN_OBJC_ROOT_CLASS = YES_ERROR;
				CLANG_WARN_SUSPICIOUS_MOVE = YES;
				CLANG_WARN_UNREACHABLE_CODE = YES;
				CLANG_WARN__DUPLICATE_METHOD_MATCH = YES;
				"CODE_SIGN_IDENTITY[sdk=iphoneos*]" = "iPhone Developer";
				COPY_PHASE_STRIP = NO;
				DEBUG_INFORMATION_FORMAT = dwarf;
				ENABLE_STRICT_OBJC_MSGSEND = YES;
				ENABLE_TESTABILITY = YES;
				GCC_C_LANGUAGE_STANDARD = gnu99;
				GCC_DYNAMIC_NO_PIC = NO;
				GCC_NO_COMMON_BLOCKS = YES;
				GCC_OPTIMIZATION_LEVEL = 0;
				GCC_PREPROCESSOR_DEFINITIONS = (
					"DEBUG=1",
					"$(inherited)",
				);
				GCC_WARN_64_TO_32_BIT_CONVERSION = YES;
				GCC_WARN_ABOUT_RETURN_TYPE = YES_ERROR;
				GCC_WARN_UNDECLARED_SELECTOR = YES;
				GCC_WARN_UNINITIALIZED_AUTOS = YES_AGGRESSIVE;
				GCC_WARN_UNUSED_FUNCTION = YES;
				GCC_WARN_UNUSED_VARIABLE = YES;
				IPHONEOS_DEPLOYMENT_TARGET = 10.3;
				MTL_ENABLE_DEBUG_INFO = YES;
				ONLY_ACTIVE_ARCH = YES;
				SDKROOT = iphoneos;
				SWIFT_ACTIVE_COMPILATION_CONDITIONS = DEBUG;
				SWIFT_OPTIMIZATION_LEVEL = "-Onone";
			};
			name = Debug;
		};
		B59D60261F56FA7E003A536C /* Release */ = {
			isa = XCBuildConfiguration;
			buildSettings = {
				ALWAYS_SEARCH_USER_PATHS = NO;
				CLANG_ANALYZER_NONNULL = YES;
				CLANG_ANALYZER_NUMBER_OBJECT_CONVERSION = YES_AGGRESSIVE;
				CLANG_CXX_LANGUAGE_STANDARD = "gnu++0x";
				CLANG_CXX_LIBRARY = "libc++";
				CLANG_ENABLE_MODULES = YES;
				CLANG_ENABLE_OBJC_ARC = YES;
				CLANG_WARN_BOOL_CONVERSION = YES;
				CLANG_WARN_CONSTANT_CONVERSION = YES;
				CLANG_WARN_DIRECT_OBJC_ISA_USAGE = YES_ERROR;
				CLANG_WARN_DOCUMENTATION_COMMENTS = YES;
				CLANG_WARN_EMPTY_BODY = YES;
				CLANG_WARN_ENUM_CONVERSION = YES;
				CLANG_WARN_INFINITE_RECURSION = YES;
				CLANG_WARN_INT_CONVERSION = YES;
				CLANG_WARN_OBJC_ROOT_CLASS = YES_ERROR;
				CLANG_WARN_SUSPICIOUS_MOVE = YES;
				CLANG_WARN_UNREACHABLE_CODE = YES;
				CLANG_WARN__DUPLICATE_METHOD_MATCH = YES;
				"CODE_SIGN_IDENTITY[sdk=iphoneos*]" = "iPhone Developer";
				COPY_PHASE_STRIP = NO;
				DEBUG_INFORMATION_FORMAT = "dwarf-with-dsym";
				ENABLE_NS_ASSERTIONS = NO;
				ENABLE_STRICT_OBJC_MSGSEND = YES;
				GCC_C_LANGUAGE_STANDARD = gnu99;
				GCC_NO_COMMON_BLOCKS = YES;
				GCC_WARN_64_TO_32_BIT_CONVERSION = YES;
				GCC_WARN_ABOUT_RETURN_TYPE = YES_ERROR;
				GCC_WARN_UNDECLARED_SELECTOR = YES;
				GCC_WARN_UNINITIALIZED_AUTOS = YES_AGGRESSIVE;
				GCC_WARN_UNUSED_FUNCTION = YES;
				GCC_WARN_UNUSED_VARIABLE = YES;
				IPHONEOS_DEPLOYMENT_TARGET = 10.3;
				MTL_ENABLE_DEBUG_INFO = NO;
				SDKROOT = iphoneos;
				SWIFT_OPTIMIZATION_LEVEL = "-Owholemodule";
				VALIDATE_PRODUCT = YES;
			};
			name = Release;
		};
		B59D60281F56FA7E003A536C /* Debug */ = {
			isa = XCBuildConfiguration;
			baseConfigurationReference = 68E3F0B2EE79F39DD6A41042 /* Pods-waselni.debug.xcconfig */;
			buildSettings = {
				ASSETCATALOG_COMPILER_APPICON_NAME = AppIcon;
				DEVELOPMENT_TEAM = Z843JNTLAS;
				INFOPLIST_FILE = waselni/Info.plist;
				IPHONEOS_DEPLOYMENT_TARGET = 10.3;
				LD_RUNPATH_SEARCH_PATHS = "$(inherited) @executable_path/Frameworks";
				PRODUCT_BUNDLE_IDENTIFIER = com.example.waselni;
				PRODUCT_NAME = "$(TARGET_NAME)";
				SWIFT_VERSION = 3.0;
			};
			name = Debug;
		};
		B59D60291F56FA7E003A536C /* Release */ = {
			isa = XCBuildConfiguration;
			baseConfigurationReference = 65460B2D06A95CFE629DE283 /* Pods-waselni.release.xcconfig */;
			buildSettings = {
				ASSETCATALOG_COMPILER_APPICON_NAME = AppIcon;
				DEVELOPMENT_TEAM = Z843JNTLAS;
				INFOPLIST_FILE = waselni/Info.plist;
				IPHONEOS_DEPLOYMENT_TARGET = 10.3;
				LD_RUNPATH_SEARCH_PATHS = "$(inherited) @executable_path/Frameworks";
				PRODUCT_BUNDLE_IDENTIFIER = com.example.waselni;
				PRODUCT_NAME = "$(TARGET_NAME)";
				SWIFT_VERSION = 3.0;
			};
			name = Release;
		};
		B59D602B1F56FA7E003A536C /* Debug */ = {
			isa = XCBuildConfiguration;
			baseConfigurationReference = C470A12B61BF3BFC3B45FDE3 /* Pods-waselniTests.debug.xcconfig */;
			buildSettings = {
				ALWAYS_EMBED_SWIFT_STANDARD_LIBRARIES = YES;
				BUNDLE_LOADER = "$(TEST_HOST)";
				DEVELOPMENT_TEAM = W8V2UQ67VN;
				INFOPLIST_FILE = waselniTests/Info.plist;
				LD_RUNPATH_SEARCH_PATHS = "$(inherited) @executable_path/Frameworks @loader_path/Frameworks";
				PRODUCT_BUNDLE_IDENTIFIER = com.example.waselniTests;
				PRODUCT_NAME = "$(TARGET_NAME)";
				SWIFT_VERSION = 3.0;
				TEST_HOST = "$(BUILT_PRODUCTS_DIR)/waselni.app/waselni";
			};
			name = Debug;
		};
		B59D602C1F56FA7E003A536C /* Release */ = {
			isa = XCBuildConfiguration;
			baseConfigurationReference = 8008F07245467242F1E47E00 /* Pods-waselniTests.release.xcconfig */;
			buildSettings = {
				ALWAYS_EMBED_SWIFT_STANDARD_LIBRARIES = YES;
				BUNDLE_LOADER = "$(TEST_HOST)";
				DEVELOPMENT_TEAM = W8V2UQ67VN;
				INFOPLIST_FILE = waselniTests/Info.plist;
				LD_RUNPATH_SEARCH_PATHS = "$(inherited) @executable_path/Frameworks @loader_path/Frameworks";
				PRODUCT_BUNDLE_IDENTIFIER = com.example.waselniTests;
				PRODUCT_NAME = "$(TARGET_NAME)";
				SWIFT_VERSION = 3.0;
				TEST_HOST = "$(BUILT_PRODUCTS_DIR)/waselni.app/waselni";
			};
			name = Release;
		};
		B59D602E1F56FA7E003A536C /* Debug */ = {
			isa = XCBuildConfiguration;
			baseConfigurationReference = 10BC699AF93C474F4F78C9F3 /* Pods-waselniUITests.debug.xcconfig */;
			buildSettings = {
				ALWAYS_EMBED_SWIFT_STANDARD_LIBRARIES = YES;
				DEVELOPMENT_TEAM = W8V2UQ67VN;
				INFOPLIST_FILE = waselniUITests/Info.plist;
				LD_RUNPATH_SEARCH_PATHS = "$(inherited) @executable_path/Frameworks @loader_path/Frameworks";
				PRODUCT_BUNDLE_IDENTIFIER = com.example.waselniUITests;
				PRODUCT_NAME = "$(TARGET_NAME)";
				SWIFT_VERSION = 3.0;
				TEST_TARGET_NAME = waselni;
			};
			name = Debug;
		};
		B59D602F1F56FA7E003A536C /* Release */ = {
			isa = XCBuildConfiguration;
			baseConfigurationReference = 414942D1F1E94E8BDC8CA3CF /* Pods-waselniUITests.release.xcconfig */;
			buildSettings = {
				ALWAYS_EMBED_SWIFT_STANDARD_LIBRARIES = YES;
				DEVELOPMENT_TEAM = W8V2UQ67VN;
				INFOPLIST_FILE = waselniUITests/Info.plist;
				LD_RUNPATH_SEARCH_PATHS = "$(inherited) @executable_path/Frameworks @loader_path/Frameworks";
				PRODUCT_BUNDLE_IDENTIFIER = com.example.waselniUITests;
				PRODUCT_NAME = "$(TARGET_NAME)";
				SWIFT_VERSION = 3.0;
				TEST_TARGET_NAME = waselni;
			};
			name = Release;
		};
/* End XCBuildConfiguration section */

/* Begin XCConfigurationList section */
		B59D5FFA1F56FA7E003A536C /* Build configuration list for PBXProject "waselni" */ = {
			isa = XCConfigurationList;
			buildConfigurations = (
				B59D60251F56FA7E003A536C /* Debug */,
				B59D60261F56FA7E003A536C /* Release */,
			);
			defaultConfigurationIsVisible = 0;
			defaultConfigurationName = Release;
		};
		B59D60271F56FA7E003A536C /* Build configuration list for PBXNativeTarget "waselni" */ = {
			isa = XCConfigurationList;
			buildConfigurations = (
				B59D60281F56FA7E003A536C /* Debug */,
				B59D60291F56FA7E003A536C /* Release */,
			);
			defaultConfigurationIsVisible = 0;
			defaultConfigurationName = Release;
		};
		B59D602A1F56FA7E003A536C /* Build configuration list for PBXNativeTarget "waselniTests" */ = {
			isa = XCConfigurationList;
			buildConfigurations = (
				B59D602B1F56FA7E003A536C /* Debug */,
				B59D602C1F56FA7E003A536C /* Release */,
			);
			defaultConfigurationIsVisible = 0;
			defaultConfigurationName = Release;
		};
		B59D602D1F56FA7E003A536C /* Build configuration list for PBXNativeTarget "waselniUITests" */ = {
			isa = XCConfigurationList;
			buildConfigurations = (
				B59D602E1F56FA7E003A536C /* Debug */,
				B59D602F1F56FA7E003A536C /* Release */,
			);
			defaultConfigurationIsVisible = 0;
			defaultConfigurationName = Release;
		};
/* End XCConfigurationList section */
	};
	rootObject = B59D5FF71F56FA7E003A536C /* Project object */;
}
